
Microsoft Visual Studio Solution File, Format Version 12.00
# Visual Studio Version 17
VisualStudioVersion = 17.10.35013.160
MinimumVisualStudioVersion = 10.0.40219.1
Project("{9A19103F-16F7-4668-BE54-9A1E7A4F7556}") = "LibDB", "LibDB\LibDB.csproj", "{2B866DBE-E4C6-41B4-9AE3-93510737DC47}"
EndProject
Project("{9A19103F-16F7-4668-BE54-9A1E7A4F7556}") = "LibLogic", "LibLogic\LibLogic.csproj", "{0E7F9E07-CE32-4892-804A-524326C4E4E7}"
EndProject
Project("{FAE04EC0-301F-11D3-BF4B-00C04F79EFBC}") = "WebAPI", "WebAPI\WebAPI.csproj", "{520C3170-6E2B-429C-917F-1570ABC5312D}"
EndProject
Global
	GlobalSection(SolutionConfigurationPlatforms) = preSolution
		Debug|Any CPU = Debug|Any CPU
		Release|Any CPU = Release|Any CPU
	EndGlobalSection
	GlobalSection(ProjectConfigurationPlatforms) = postSolution
		{2B866DBE-E4C6-41B4-9AE3-93510737DC47}.Debug|Any CPU.ActiveCfg = Debug|Any CPU
		{2B866DBE-E4C6-41B4-9AE3-93510737DC47}.Debug|Any CPU.Build.0 = Debug|Any CPU
		{2B866DBE-E4C6-41B4-9AE3-93510737DC47}.Release|Any CPU.ActiveCfg = Release|Any CPU
		{2B866DBE-E4C6-41B4-9AE3-93510737DC47}.Release|Any CPU.Build.0 = Release|Any CPU
		{0E7F9E07-CE32-4892-804A-524326C4E4E7}.Debug|Any CPU.ActiveCfg = Debug|Any CPU
		{0E7F9E07-CE32-4892-804A-524326C4E4E7}.Debug|Any CPU.Build.0 = Debug|Any CPU
		{0E7F9E07-CE32-4892-804A-524326C4E4E7}.Release|Any CPU.ActiveCfg = Release|Any CPU
		{0E7F9E07-CE32-4892-804A-524326C4E4E7}.Release|Any CPU.Build.0 = Release|Any CPU
		{520C3170-6E2B-429C-917F-1570ABC5312D}.Debug|Any CPU.ActiveCfg = Debug|Any CPU
		{520C3170-6E2B-429C-917F-1570ABC5312D}.Debug|Any CPU.Build.0 = Debug|Any CPU
		{520C3170-6E2B-429C-917F-1570ABC5312D}.Release|Any CPU.ActiveCfg = Release|Any CPU
		{520C3170-6E2B-429C-917F-1570ABC5312D}.Release|Any CPU.Build.0 = Release|Any CPU
	EndGlobalSection
	GlobalSection(SolutionProperties) = preSolution
		HideSolutionNode = FALSE
	EndGlobalSection
	GlobalSection(ExtensibilityGlobals) = postSolution
		SolutionGuid = {946C9B70-FE84-45D7-A3FB-83DCEA57B02E}
	EndGlobalSection
EndGlobal
